
Microsoft Visual Studio Solution File, Format Version 12.00
# Visual Studio Version 16
VisualStudioVersion = 16.0.28809.33
MinimumVisualStudioVersion = 10.0.40219.1
Project("{FAE04EC0-301F-11D3-BF4B-00C04F79EFBC}") = "ClientApp", "ClientApp\ClientApp.csproj", "{FE8A75C3-5D94-4EBB-950B-BEDB5BDB461F}"
EndProject
Project("{FAE04EC0-301F-11D3-BF4B-00C04F79EFBC}") = "ServerApp", "ServerApp\ServerApp.csproj", "{CBB22A16-CE2D-4DC3-8935-FA6E5A14B609}"
EndProject
Project("{FAE04EC0-301F-11D3-BF4B-00C04F79EFBC}") = "DelegatedApp", "DelegatedApp\DelegatedApp.csproj", "{45D604FC-BEE1-4B14-B8C6-040E9ABE821E}"
EndProject
Project("{FAE04EC0-301F-11D3-BF4B-00C04F79EFBC}") = "Shared", "Shared\Shared.csproj", "{E0BDD6A3-67B3-4765-AD7F-54241AFD51D9}"
EndProject
Global
	GlobalSection(SolutionConfigurationPlatforms) = preSolution
		Debug|Any CPU = Debug|Any CPU
		Release|Any CPU = Release|Any CPU
	EndGlobalSection
	GlobalSection(ProjectConfigurationPlatforms) = postSolution
		{FE8A75C3-5D94-4EBB-950B-BEDB5BDB461F}.Debug|Any CPU.ActiveCfg = Debug|Any CPU
		{FE8A75C3-5D94-4EBB-950B-BEDB5BDB461F}.Debug|Any CPU.Build.0 = Debug|Any CPU
		{FE8A75C3-5D94-4EBB-950B-BEDB5BDB461F}.Release|Any CPU.ActiveCfg = Release|Any CPU
		{FE8A75C3-5D94-4EBB-950B-BEDB5BDB461F}.Release|Any CPU.Build.0 = Release|Any CPU
		{CBB22A16-CE2D-4DC3-8935-FA6E5A14B609}.Debug|Any CPU.ActiveCfg = Debug|Any CPU
		{CBB22A16-CE2D-4DC3-8935-FA6E5A14B609}.Debug|Any CPU.Build.0 = Debug|Any CPU
		{CBB22A16-CE2D-4DC3-8935-FA6E5A14B609}.Release|Any CPU.ActiveCfg = Release|Any CPU
		{CBB22A16-CE2D-4DC3-8935-FA6E5A14B609}.Release|Any CPU.Build.0 = Release|Any CPU
		{45D604FC-BEE1-4B14-B8C6-040E9ABE821E}.Debug|Any CPU.ActiveCfg = Debug|Any CPU
		{45D604FC-BEE1-4B14-B8C6-040E9ABE821E}.Debug|Any CPU.Build.0 = Debug|Any CPU
		{45D604FC-BEE1-4B14-B8C6-040E9ABE821E}.Release|Any CPU.ActiveCfg = Release|Any CPU
		{45D604FC-BEE1-4B14-B8C6-040E9ABE821E}.Release|Any CPU.Build.0 = Release|Any CPU
		{E0BDD6A3-67B3-4765-AD7F-54241AFD51D9}.Debug|Any CPU.ActiveCfg = Debug|Any CPU
		{E0BDD6A3-67B3-4765-AD7F-54241AFD51D9}.Debug|Any CPU.Build.0 = Debug|Any CPU
		{E0BDD6A3-67B3-4765-AD7F-54241AFD51D9}.Release|Any CPU.ActiveCfg = Release|Any CPU
		{E0BDD6A3-67B3-4765-AD7F-54241AFD51D9}.Release|Any CPU.Build.0 = Release|Any CPU
	EndGlobalSection
	GlobalSection(SolutionProperties) = preSolution
		HideSolutionNode = FALSE
	EndGlobalSection
	GlobalSection(ExtensibilityGlobals) = postSolution
		SolutionGuid = {D23F9475-C411-4050-B699-7367EAA3D5FC}
	EndGlobalSection
EndGlobal
